
Microsoft Visual Studio Solution File, Format Version 12.00
# Visual Studio 15
VisualStudioVersion = 15.0.26228.9
MinimumVisualStudioVersion = 10.0.40219.1
Project("{FAE04EC0-301F-11D3-BF4B-00C04F79EFBC}") = "BetPortal", "BetPortal\BetPortal.csproj", "{11BA77B8-C488-4F44-B85C-109046E23F24}"
EndProject
Project("{FAE04EC0-301F-11D3-BF4B-00C04F79EFBC}") = "BetPortal.Tests", "BetPortal.Tests\BetPortal.Tests.csproj", "{06AE544C-1758-4689-A3E6-60AF2E50D582}"
EndProject
Global
	GlobalSection(SolutionConfigurationPlatforms) = preSolution
		Debug|Any CPU = Debug|Any CPU
		Release|Any CPU = Release|Any CPU
	EndGlobalSection
	GlobalSection(ProjectConfigurationPlatforms) = postSolution
		{11BA77B8-C488-4F44-B85C-109046E23F24}.Debug|Any CPU.ActiveCfg = Debug|Any CPU
		{11BA77B8-C488-4F44-B85C-109046E23F24}.Debug|Any CPU.Build.0 = Debug|Any CPU
		{11BA77B8-C488-4F44-B85C-109046E23F24}.Release|Any CPU.ActiveCfg = Release|Any CPU
		{11BA77B8-C488-4F44-B85C-109046E23F24}.Release|Any CPU.Build.0 = Release|Any CPU
		{06AE544C-1758-4689-A3E6-60AF2E50D582}.Debug|Any CPU.ActiveCfg = Debug|Any CPU
		{06AE544C-1758-4689-A3E6-60AF2E50D582}.Debug|Any CPU.Build.0 = Debug|Any CPU
		{06AE544C-1758-4689-A3E6-60AF2E50D582}.Release|Any CPU.ActiveCfg = Release|Any CPU
		{06AE544C-1758-4689-A3E6-60AF2E50D582}.Release|Any CPU.Build.0 = Release|Any CPU
	EndGlobalSection
	GlobalSection(SolutionProperties) = preSolution
		HideSolutionNode = FALSE
	EndGlobalSection
EndGlobal
